// !$*UTF8*$!
{
	archiveVersion = 1;
	classes = {
	};
	objectVersion = 50;
	objects = {

/* Begin PBXBuildFile section */
		2C4A9A6D21CBD416001434C4 /* Constants.swift in Sources */ = {isa = PBXBuildFile; fileRef = 2C4A9A6C21CBD416001434C4 /* Constants.swift */; };
		2C8F0E3421CA92EF0006A4BF /* AppDelegate.swift in Sources */ = {isa = PBXBuildFile; fileRef = 2C8F0E3321CA92EF0006A4BF /* AppDelegate.swift */; };
		2C8F0E3921CA92EF0006A4BF /* Main.storyboard in Resources */ = {isa = PBXBuildFile; fileRef = 2C8F0E3721CA92EF0006A4BF /* Main.storyboard */; };
		2C8F0E3B21CA92F00006A4BF /* Assets.xcassets in Resources */ = {isa = PBXBuildFile; fileRef = 2C8F0E3A21CA92F00006A4BF /* Assets.xcassets */; };
		2C8F0E3E21CA92F00006A4BF /* LaunchScreen.storyboard in Resources */ = {isa = PBXBuildFile; fileRef = 2C8F0E3C21CA92F00006A4BF /* LaunchScreen.storyboard */; };
		2C8F0E4B21CA95F90006A4BF /* ITunesSearchViewModel.swift in Sources */ = {isa = PBXBuildFile; fileRef = 2C8F0E4A21CA95F90006A4BF /* ITunesSearchViewModel.swift */; };
		2C8F0E4E21CA98B90006A4BF /* ITunesSearchViewController.swift in Sources */ = {isa = PBXBuildFile; fileRef = 2C8F0E4C21CA98B90006A4BF /* ITunesSearchViewController.swift */; };
		2C8F0E5121CA9BD00006A4BF /* ITunesSearchManager.swift in Sources */ = {isa = PBXBuildFile; fileRef = 2C8F0E5021CA9BD00006A4BF /* ITunesSearchManager.swift */; };
		2C8F0E5321CA9CAE0006A4BF /* ITunesSearchResult.swift in Sources */ = {isa = PBXBuildFile; fileRef = 2C8F0E5221CA9CAE0006A4BF /* ITunesSearchResult.swift */; };
		723C88E121CE20EC002A2A66 /* ITunesSearchTableViewCell.swift in Sources */ = {isa = PBXBuildFile; fileRef = 723C88E021CE20EC002A2A66 /* ITunesSearchTableViewCell.swift */; };
		72EF3EF321CE771000F2C357 /* ITunesSearchItemPreviewViewController.swift in Sources */ = {isa = PBXBuildFile; fileRef = 72EF3EF221CE771000F2C357 /* ITunesSearchItemPreviewViewController.swift */; };
		72F014E021CF449700F4482D /* UIViewControllerExtension.swift in Sources */ = {isa = PBXBuildFile; fileRef = 72F014DF21CF449600F4482D /* UIViewControllerExtension.swift */; };
		72F014E221CF44F200F4482D /* UIImageExtension.swift in Sources */ = {isa = PBXBuildFile; fileRef = 72F014E121CF44F200F4482D /* UIImageExtension.swift */; };
		B51E22A65185ED3982776EE5 /* Pods_WiFinder.framework in Frameworks */ = {isa = PBXBuildFile; fileRef = 7A7CB95F1D09AA8052FCE977 /* Pods_WiFinder.framework */; };
/* End PBXBuildFile section */

/* Begin PBXFileReference section */
		2C4A9A6C21CBD416001434C4 /* Constants.swift */ = {isa = PBXFileReference; lastKnownFileType = sourcecode.swift; path = Constants.swift; sourceTree = "<group>"; };
		2C8F0E3021CA92EF0006A4BF /* WiFinder.app */ = {isa = PBXFileReference; explicitFileType = wrapper.application; includeInIndex = 0; path = WiFinder.app; sourceTree = BUILT_PRODUCTS_DIR; };
		2C8F0E3321CA92EF0006A4BF /* AppDelegate.swift */ = {isa = PBXFileReference; lastKnownFileType = sourcecode.swift; path = AppDelegate.swift; sourceTree = "<group>"; };
		2C8F0E3821CA92EF0006A4BF /* Base */ = {isa = PBXFileReference; lastKnownFileType = file.storyboard; name = Base; path = Base.lproj/Main.storyboard; sourceTree = "<group>"; };
		2C8F0E3A21CA92F00006A4BF /* Assets.xcassets */ = {isa = PBXFileReference; lastKnownFileType = folder.assetcatalog; path = Assets.xcassets; sourceTree = "<group>"; };
		2C8F0E3D21CA92F00006A4BF /* Base */ = {isa = PBXFileReference; lastKnownFileType = file.storyboard; name = Base; path = Base.lproj/LaunchScreen.storyboard; sourceTree = "<group>"; };
		2C8F0E3F21CA92F00006A4BF /* Info.plist */ = {isa = PBXFileReference; lastKnownFileType = text.plist.xml; path = Info.plist; sourceTree = "<group>"; };
		2C8F0E4A21CA95F90006A4BF /* ITunesSearchViewModel.swift */ = {isa = PBXFileReference; lastKnownFileType = sourcecode.swift; path = ITunesSearchViewModel.swift; sourceTree = "<group>"; };
		2C8F0E4C21CA98B90006A4BF /* ITunesSearchViewController.swift */ = {isa = PBXFileReference; lastKnownFileType = sourcecode.swift; path = ITunesSearchViewController.swift; sourceTree = "<group>"; };
		2C8F0E5021CA9BD00006A4BF /* ITunesSearchManager.swift */ = {isa = PBXFileReference; lastKnownFileType = sourcecode.swift; path = ITunesSearchManager.swift; sourceTree = "<group>"; };
		2C8F0E5221CA9CAE0006A4BF /* ITunesSearchResult.swift */ = {isa = PBXFileReference; lastKnownFileType = sourcecode.swift; path = ITunesSearchResult.swift; sourceTree = "<group>"; };
		723C88E021CE20EC002A2A66 /* ITunesSearchTableViewCell.swift */ = {isa = PBXFileReference; lastKnownFileType = sourcecode.swift; path = ITunesSearchTableViewCell.swift; sourceTree = "<group>"; };
		72EF3EF221CE771000F2C357 /* ITunesSearchItemPreviewViewController.swift */ = {isa = PBXFileReference; lastKnownFileType = sourcecode.swift; path = ITunesSearchItemPreviewViewController.swift; sourceTree = "<group>"; };
		72F014DF21CF449600F4482D /* UIViewControllerExtension.swift */ = {isa = PBXFileReference; lastKnownFileType = sourcecode.swift; path = UIViewControllerExtension.swift; sourceTree = "<group>"; };
		72F014E121CF44F200F4482D /* UIImageExtension.swift */ = {isa = PBXFileReference; lastKnownFileType = sourcecode.swift; path = UIImageExtension.swift; sourceTree = "<group>"; };
		7A7CB95F1D09AA8052FCE977 /* Pods_WiFinder.framework */ = {isa = PBXFileReference; explicitFileType = wrapper.framework; includeInIndex = 0; path = Pods_WiFinder.framework; sourceTree = BUILT_PRODUCTS_DIR; };
		C6252A734A7EC8309FB89F1F /* Pods-WiFinder.debug.xcconfig */ = {isa = PBXFileReference; includeInIndex = 1; lastKnownFileType = text.xcconfig; name = "Pods-WiFinder.debug.xcconfig"; path = "Pods/Target Support Files/Pods-WiFinder/Pods-WiFinder.debug.xcconfig"; sourceTree = "<group>"; };
		C6C21826A6C0BA208E79EB47 /* Pods-WiFinder.release.xcconfig */ = {isa = PBXFileReference; includeInIndex = 1; lastKnownFileType = text.xcconfig; name = "Pods-WiFinder.release.xcconfig"; path = "Pods/Target Support Files/Pods-WiFinder/Pods-WiFinder.release.xcconfig"; sourceTree = "<group>"; };
/* End PBXFileReference section */

/* Begin PBXFrameworksBuildPhase section */
		2C8F0E2D21CA92EF0006A4BF /* Frameworks */ = {
			isa = PBXFrameworksBuildPhase;
			buildActionMask = 2147483647;
			files = (
				B51E22A65185ED3982776EE5 /* Pods_WiFinder.framework in Frameworks */,
			);
			runOnlyForDeploymentPostprocessing = 0;
		};
/* End PBXFrameworksBuildPhase section */

/* Begin PBXGroup section */
		2C8F0E2721CA92EF0006A4BF = {
			isa = PBXGroup;
			children = (
				2C8F0E3221CA92EF0006A4BF /* WiFinder */,
				2C8F0E3121CA92EF0006A4BF /* Products */,
				B26724BC0A3AAEF1E74FF784 /* Pods */,
				F8F23A7DB40DA27150D96777 /* Frameworks */,
			);
			sourceTree = "<group>";
		};
		2C8F0E3121CA92EF0006A4BF /* Products */ = {
			isa = PBXGroup;
			children = (
				2C8F0E3021CA92EF0006A4BF /* WiFinder.app */,
			);
			name = Products;
			sourceTree = "<group>";
		};
		2C8F0E3221CA92EF0006A4BF /* WiFinder */ = {
			isa = PBXGroup;
			children = (
				2C8F0E4521CA951F0006A4BF /* Models */,
				2C8F0E4621CA952F0006A4BF /* Views */,
				2C8F0E4721CA95330006A4BF /* ViewModels */,
				2C8F0E3321CA92EF0006A4BF /* AppDelegate.swift */,
				2C8F0E3A21CA92F00006A4BF /* Assets.xcassets */,
				2C8F0E3F21CA92F00006A4BF /* Info.plist */,
			);
			path = WiFinder;
			sourceTree = "<group>";
		};
		2C8F0E4521CA951F0006A4BF /* Models */ = {
			isa = PBXGroup;
			children = (
				2C4A9A6C21CBD416001434C4 /* Constants.swift */,
				2C8F0E5021CA9BD00006A4BF /* ITunesSearchManager.swift */,
				2C8F0E5221CA9CAE0006A4BF /* ITunesSearchResult.swift */,
				72F014E121CF44F200F4482D /* UIImageExtension.swift */,
			);
			path = Models;
			sourceTree = "<group>";
		};
		2C8F0E4621CA952F0006A4BF /* Views */ = {
			isa = PBXGroup;
			children = (
				723C88DD21CE2083002A2A66 /* CustomViews */,
				2C8F0E4821CA95450006A4BF /* Storyboards */,
				2C8F0E4921CA95620006A4BF /* ViewControllers */,
			);
			name = Views;
			path = ..;
			sourceTree = "<group>";
		};
		2C8F0E4721CA95330006A4BF /* ViewModels */ = {
			isa = PBXGroup;
			children = (
				2C8F0E4A21CA95F90006A4BF /* ITunesSearchViewModel.swift */,
			);
			path = ViewModels;
			sourceTree = "<group>";
		};
		2C8F0E4821CA95450006A4BF /* Storyboards */ = {
			isa = PBXGroup;
			children = (
				2C8F0E3721CA92EF0006A4BF /* Main.storyboard */,
				2C8F0E3C21CA92F00006A4BF /* LaunchScreen.storyboard */,
			);
			path = Storyboards;
			sourceTree = "<group>";
		};
		2C8F0E4921CA95620006A4BF /* ViewControllers */ = {
			isa = PBXGroup;
			children = (
				2C8F0E4C21CA98B90006A4BF /* ITunesSearchViewController.swift */,
				72EF3EF221CE771000F2C357 /* ITunesSearchItemPreviewViewController.swift */,
				72F014DF21CF449600F4482D /* UIViewControllerExtension.swift */,
			);
			path = ViewControllers;
			sourceTree = "<group>";
		};
		723C88DD21CE2083002A2A66 /* CustomViews */ = {
			isa = PBXGroup;
			children = (
				723C88E021CE20EC002A2A66 /* ITunesSearchTableViewCell.swift */,
			);
			path = CustomViews;
			sourceTree = "<group>";
		};
		B26724BC0A3AAEF1E74FF784 /* Pods */ = {
			isa = PBXGroup;
			children = (
				C6252A734A7EC8309FB89F1F /* Pods-WiFinder.debug.xcconfig */,
				C6C21826A6C0BA208E79EB47 /* Pods-WiFinder.release.xcconfig */,
			);
			name = Pods;
			sourceTree = "<group>";
		};
		F8F23A7DB40DA27150D96777 /* Frameworks */ = {
			isa = PBXGroup;
			children = (
				7A7CB95F1D09AA8052FCE977 /* Pods_WiFinder.framework */,
			);
			name = Frameworks;
			sourceTree = "<group>";
		};
/* End PBXGroup section */

/* Begin PBXNativeTarget section */
		2C8F0E2F21CA92EF0006A4BF /* WiFinder */ = {
			isa = PBXNativeTarget;
			buildConfigurationList = 2C8F0E4221CA92F00006A4BF /* Build configuration list for PBXNativeTarget "WiFinder" */;
			buildPhases = (
				C4B01A79F3F8EC017E2FE580 /* [CP] Check Pods Manifest.lock */,
				2C8F0E2C21CA92EF0006A4BF /* Sources */,
				2C8F0E2D21CA92EF0006A4BF /* Frameworks */,
				2C8F0E2E21CA92EF0006A4BF /* Resources */,
				487B558ECB518108C11986F7 /* [CP] Embed Pods Frameworks */,
			);
			buildRules = (
			);
			dependencies = (
			);
			name = WiFinder;
			productName = WiFinder;
			productReference = 2C8F0E3021CA92EF0006A4BF /* WiFinder.app */;
			productType = "com.apple.product-type.application";
		};
/* End PBXNativeTarget section */

/* Begin PBXProject section */
		2C8F0E2821CA92EF0006A4BF /* Project object */ = {
			isa = PBXProject;
			attributes = {
				LastSwiftUpdateCheck = 1010;
				LastUpgradeCheck = 1010;
				ORGANIZATIONNAME = "Chin Wee Kerk";
				TargetAttributes = {
					2C8F0E2F21CA92EF0006A4BF = {
						CreatedOnToolsVersion = 10.1;
					};
				};
			};
			buildConfigurationList = 2C8F0E2B21CA92EF0006A4BF /* Build configuration list for PBXProject "WiFinder" */;
			compatibilityVersion = "Xcode 9.3";
			developmentRegion = en;
			hasScannedForEncodings = 0;
			knownRegions = (
				en,
				Base,
			);
			mainGroup = 2C8F0E2721CA92EF0006A4BF;
			productRefGroup = 2C8F0E3121CA92EF0006A4BF /* Products */;
			projectDirPath = "";
			projectRoot = "";
			targets = (
				2C8F0E2F21CA92EF0006A4BF /* WiFinder */,
			);
		};
/* End PBXProject section */

/* Begin PBXResourcesBuildPhase section */
		2C8F0E2E21CA92EF0006A4BF /* Resources */ = {
			isa = PBXResourcesBuildPhase;
			buildActionMask = 2147483647;
			files = (
				2C8F0E3E21CA92F00006A4BF /* LaunchScreen.storyboard in Resources */,
				2C8F0E3B21CA92F00006A4BF /* Assets.xcassets in Resources */,
				2C8F0E3921CA92EF0006A4BF /* Main.storyboard in Resources */,
			);
			runOnlyForDeploymentPostprocessing = 0;
		};
/* End PBXResourcesBuildPhase section */

/* Begin PBXShellScriptBuildPhase section */
		487B558ECB518108C11986F7 /* [CP] Embed Pods Frameworks */ = {
			isa = PBXShellScriptBuildPhase;
			buildActionMask = 2147483647;
			files = (
			);
			inputPaths = (
				"${SRCROOT}/Pods/Target Support Files/Pods-WiFinder/Pods-WiFinder-frameworks.sh",
				"${BUILT_PRODUCTS_DIR}/Alamofire/Alamofire.framework",
				"${BUILT_PRODUCTS_DIR}/Differentiator/Differentiator.framework",
				"${BUILT_PRODUCTS_DIR}/IQKeyboardManagerSwift/IQKeyboardManagerSwift.framework",
				"${BUILT_PRODUCTS_DIR}/RxAtomic/RxAtomic.framework",
				"${BUILT_PRODUCTS_DIR}/RxCocoa/RxCocoa.framework",
				"${BUILT_PRODUCTS_DIR}/RxDataSources/RxDataSources.framework",
				"${BUILT_PRODUCTS_DIR}/RxSwift/RxSwift.framework",
				"${BUILT_PRODUCTS_DIR}/SwiftyJSON/SwiftyJSON.framework",
			);
			name = "[CP] Embed Pods Frameworks";
			outputPaths = (
				"${TARGET_BUILD_DIR}/${FRAMEWORKS_FOLDER_PATH}/Alamofire.framework",
				"${TARGET_BUILD_DIR}/${FRAMEWORKS_FOLDER_PATH}/Differentiator.framework",
				"${TARGET_BUILD_DIR}/${FRAMEWORKS_FOLDER_PATH}/IQKeyboardManagerSwift.framework",
				"${TARGET_BUILD_DIR}/${FRAMEWORKS_FOLDER_PATH}/RxAtomic.framework",
				"${TARGET_BUILD_DIR}/${FRAMEWORKS_FOLDER_PATH}/RxCocoa.framework",
				"${TARGET_BUILD_DIR}/${FRAMEWORKS_FOLDER_PATH}/RxDataSources.framework",
				"${TARGET_BUILD_DIR}/${FRAMEWORKS_FOLDER_PATH}/RxSwift.framework",
				"${TARGET_BUILD_DIR}/${FRAMEWORKS_FOLDER_PATH}/SwiftyJSON.framework",
			);
			runOnlyForDeploymentPostprocessing = 0;
			shellPath = /bin/sh;
			shellScript = "\"${SRCROOT}/Pods/Target Support Files/Pods-WiFinder/Pods-WiFinder-frameworks.sh\"\n";
			showEnvVarsInLog = 0;
		};
		C4B01A79F3F8EC017E2FE580 /* [CP] Check Pods Manifest.lock */ = {
			isa = PBXShellScriptBuildPhase;
			buildActionMask = 2147483647;
			files = (
			);
			inputPaths = (
				"${PODS_PODFILE_DIR_PATH}/Podfile.lock",
				"${PODS_ROOT}/Manifest.lock",
			);
			name = "[CP] Check Pods Manifest.lock";
			outputPaths = (
				"$(DERIVED_FILE_DIR)/Pods-WiFinder-checkManifestLockResult.txt",
			);
			runOnlyForDeploymentPostprocessing = 0;
			shellPath = /bin/sh;
			shellScript = "diff \"${PODS_PODFILE_DIR_PATH}/Podfile.lock\" \"${PODS_ROOT}/Manifest.lock\" > /dev/null\nif [ $? != 0 ] ; then\n    # print error to STDERR\n    echo \"error: The sandbox is not in sync with the Podfile.lock. Run 'pod install' or update your CocoaPods installation.\" >&2\n    exit 1\nfi\n# This output is used by Xcode 'outputs' to avoid re-running this script phase.\necho \"SUCCESS\" > \"${SCRIPT_OUTPUT_FILE_0}\"\n";
			showEnvVarsInLog = 0;
		};
/* End PBXShellScriptBuildPhase section */

/* Begin PBXSourcesBuildPhase section */
		2C8F0E2C21CA92EF0006A4BF /* Sources */ = {
			isa = PBXSourcesBuildPhase;
			buildActionMask = 2147483647;
			files = (
				2C8F0E4B21CA95F90006A4BF /* ITunesSearchViewModel.swift in Sources */,
				2C8F0E3421CA92EF0006A4BF /* AppDelegate.swift in Sources */,
				72F014E021CF449700F4482D /* UIViewControllerExtension.swift in Sources */,
				72F014E221CF44F200F4482D /* UIImageExtension.swift in Sources */,
				2C8F0E5121CA9BD00006A4BF /* ITunesSearchManager.swift in Sources */,
				2C4A9A6D21CBD416001434C4 /* Constants.swift in Sources */,
				72EF3EF321CE771000F2C357 /* ITunesSearchItemPreviewViewController.swift in Sources */,
				723C88E121CE20EC002A2A66 /* ITunesSearchTableViewCell.swift in Sources */,
				2C8F0E5321CA9CAE0006A4BF /* ITunesSearchResult.swift in Sources */,
				2C8F0E4E21CA98B90006A4BF /* ITunesSearchViewController.swift in Sources */,
			);
			runOnlyForDeploymentPostprocessing = 0;
		};
/* End PBXSourcesBuildPhase section */

/* Begin PBXVariantGroup section */
		2C8F0E3721CA92EF0006A4BF /* Main.storyboard */ = {
			isa = PBXVariantGroup;
			children = (
				2C8F0E3821CA92EF0006A4BF /* Base */,
			);
			name = Main.storyboard;
			sourceTree = "<group>";
		};
		2C8F0E3C21CA92F00006A4BF /* LaunchScreen.storyboard */ = {
			isa = PBXVariantGroup;
			children = (
				2C8F0E3D21CA92F00006A4BF /* Base */,
			);
			name = LaunchScreen.storyboard;
			sourceTree = "<group>";
		};
/* End PBXVariantGroup section */

/* Begin XCBuildConfiguration section */
		2C8F0E4021CA92F00006A4BF /* Debug */ = {
			isa = XCBuildConfiguration;
			buildSettings = {
				ALWAYS_SEARCH_USER_PATHS = NO;
				CLANG_ANALYZER_NONNULL = YES;
				CLANG_ANALYZER_NUMBER_OBJECT_CONVERSION = YES_AGGRESSIVE;
				CLANG_CXX_LANGUAGE_STANDARD = "gnu++14";
				CLANG_CXX_LIBRARY = "libc++";
				CLANG_ENABLE_MODULES = YES;
				CLANG_ENABLE_OBJC_ARC = YES;
				CLANG_ENABLE_OBJC_WEAK = YES;
				CLANG_WARN_BLOCK_CAPTURE_AUTORELEASING = YES;
				CLANG_WARN_BOOL_CONVERSION = YES;
				CLANG_WARN_COMMA = YES;
				CLANG_WARN_CONSTANT_CONVERSION = YES;
				CLANG_WARN_DEPRECATED_OBJC_IMPLEMENTATIONS = YES;
				CLANG_WARN_DIRECT_OBJC_ISA_USAGE = YES_ERROR;
				CLANG_WARN_DOCUMENTATION_COMMENTS = YES;
				CLANG_WARN_EMPTY_BODY = YES;
				CLANG_WARN_ENUM_CONVERSION = YES;
				CLANG_WARN_INFINITE_RECURSION = YES;
				CLANG_WARN_INT_CONVERSION = YES;
				CLANG_WARN_NON_LITERAL_NULL_CONVERSION = YES;
				CLANG_WARN_OBJC_IMPLICIT_RETAIN_SELF = YES;
				CLANG_WARN_OBJC_LITERAL_CONVERSION = YES;
				CLANG_WARN_OBJC_ROOT_CLASS = YES_ERROR;
				CLANG_WARN_RANGE_LOOP_ANALYSIS = YES;
				CLANG_WARN_STRICT_PROTOTYPES = YES;
				CLANG_WARN_SUSPICIOUS_MOVE = YES;
				CLANG_WARN_UNGUARDED_AVAILABILITY = YES_AGGRESSIVE;
				CLANG_WARN_UNREACHABLE_CODE = YES;
				CLANG_WARN__DUPLICATE_METHOD_MATCH = YES;
				CODE_SIGN_IDENTITY = "iPhone Developer";
				COPY_PHASE_STRIP = NO;
				DEBUG_INFORMATION_FORMAT = dwarf;
				ENABLE_STRICT_OBJC_MSGSEND = YES;
				ENABLE_TESTABILITY = YES;
				GCC_C_LANGUAGE_STANDARD = gnu11;
				GCC_DYNAMIC_NO_PIC = NO;
				GCC_NO_COMMON_BLOCKS = YES;
				GCC_OPTIMIZATION_LEVEL = 0;
				GCC_PREPROCESSOR_DEFINITIONS = (
					"DEBUG=1",
					"$(inherited)",
				);
				GCC_WARN_64_TO_32_BIT_CONVERSION = YES;
				GCC_WARN_ABOUT_RETURN_TYPE = YES_ERROR;
				GCC_WARN_UNDECLARED_SELECTOR = YES;
				GCC_WARN_UNINITIALIZED_AUTOS = YES_AGGRESSIVE;
				GCC_WARN_UNUSED_FUNCTION = YES;
				GCC_WARN_UNUSED_VARIABLE = YES;
				IPHONEOS_DEPLOYMENT_TARGET = 12.1;
				MTL_ENABLE_DEBUG_INFO = INCLUDE_SOURCE;
				MTL_FAST_MATH = YES;
				ONLY_ACTIVE_ARCH = YES;
				SDKROOT = iphoneos;
				SWIFT_ACTIVE_COMPILATION_CONDITIONS = DEBUG;
				SWIFT_OPTIMIZATION_LEVEL = "-Onone";
			};
			name = Debug;
		};
		2C8F0E4121CA92F00006A4BF /* Release */ = {
			isa = XCBuildConfiguration;
			buildSettings = {
				ALWAYS_SEARCH_USER_PATHS = NO;
				CLANG_ANALYZER_NONNULL = YES;
				CLANG_ANALYZER_NUMBER_OBJECT_CONVERSION = YES_AGGRESSIVE;
				CLANG_CXX_LANGUAGE_STANDARD = "gnu++14";
				CLANG_CXX_LIBRARY = "libc++";
				CLANG_ENABLE_MODULES = YES;
				CLANG_ENABLE_OBJC_ARC = YES;
				CLANG_ENABLE_OBJC_WEAK = YES;
				CLANG_WARN_BLOCK_CAPTURE_AUTORELEASING = YES;
				CLANG_WARN_BOOL_CONVERSION = YES;
				CLANG_WARN_COMMA = YES;
				CLANG_WARN_CONSTANT_CONVERSION = YES;
				CLANG_WARN_DEPRECATED_OBJC_IMPLEMENTATIONS = YES;
				CLANG_WARN_DIRECT_OBJC_ISA_USAGE = YES_ERROR;
				CLANG_WARN_DOCUMENTATION_COMMENTS = YES;
				CLANG_WARN_EMPTY_BODY = YES;
				CLANG_WARN_ENUM_CONVERSION = YES;
				CLANG_WARN_INFINITE_RECURSION = YES;
				CLANG_WARN_INT_CONVERSION = YES;
				CLANG_WARN_NON_LITERAL_NULL_CONVERSION = YES;
				CLANG_WARN_OBJC_IMPLICIT_RETAIN_SELF = YES;
				CLANG_WARN_OBJC_LITERAL_CONVERSION = YES;
				CLANG_WARN_OBJC_ROOT_CLASS = YES_ERROR;
				CLANG_WARN_RANGE_LOOP_ANALYSIS = YES;
				CLANG_WARN_STRICT_PROTOTYPES = YES;
				CLANG_WARN_SUSPICIOUS_MOVE = YES;
				CLANG_WARN_UNGUARDED_AVAILABILITY = YES_AGGRESSIVE;
				CLANG_WARN_UNREACHABLE_CODE = YES;
				CLANG_WARN__DUPLICATE_METHOD_MATCH = YES;
				CODE_SIGN_IDENTITY = "iPhone Developer";
				COPY_PHASE_STRIP = NO;
				DEBUG_INFORMATION_FORMAT = "dwarf-with-dsym";
				ENABLE_NS_ASSERTIONS = NO;
				ENABLE_STRICT_OBJC_MSGSEND = YES;
				GCC_C_LANGUAGE_STANDARD = gnu11;
				GCC_NO_COMMON_BLOCKS = YES;
				GCC_WARN_64_TO_32_BIT_CONVERSION = YES;
				GCC_WARN_ABOUT_RETURN_TYPE = YES_ERROR;
				GCC_WARN_UNDECLARED_SELECTOR = YES;
				GCC_WARN_UNINITIALIZED_AUTOS = YES_AGGRESSIVE;
				GCC_WARN_UNUSED_FUNCTION = YES;
				GCC_WARN_UNUSED_VARIABLE = YES;
				IPHONEOS_DEPLOYMENT_TARGET = 12.1;
				MTL_ENABLE_DEBUG_INFO = NO;
				MTL_FAST_MATH = YES;
				SDKROOT = iphoneos;
				SWIFT_COMPILATION_MODE = wholemodule;
				SWIFT_OPTIMIZATION_LEVEL = "-O";
				VALIDATE_PRODUCT = YES;
			};
			name = Release;
		};
		2C8F0E4321CA92F00006A4BF /* Debug */ = {
			isa = XCBuildConfiguration;
			baseConfigurationReference = C6252A734A7EC8309FB89F1F /* Pods-WiFinder.debug.xcconfig */;
			buildSettings = {
				ASSETCATALOG_COMPILER_APPICON_NAME = AppIcon;
				CODE_SIGN_STYLE = Automatic;
				DEVELOPMENT_TEAM = YH5SLCL397;
				INFOPLIST_FILE = WiFinder/Info.plist;
				IPHONEOS_DEPLOYMENT_TARGET = 9.0;
				LD_RUNPATH_SEARCH_PATHS = (
					"$(inherited)",
					"@executable_path/Frameworks",
				);
				PRODUCT_BUNDLE_IDENTIFIER = chinwee.WiFinder;
				PRODUCT_NAME = "$(TARGET_NAME)";
				SWIFT_VERSION = 4.2;
				TARGETED_DEVICE_FAMILY = "1,2";
			};
			name = Debug;
		};
		2C8F0E4421CA92F00006A4BF /* Release */ = {
			isa = XCBuildConfiguration;
			baseConfigurationReference = C6C21826A6C0BA208E79EB47 /* Pods-WiFinder.release.xcconfig */;
			buildSettings = {
				ASSETCATALOG_COMPILER_APPICON_NAME = AppIcon;
				CODE_SIGN_STYLE = Automatic;
				DEVELOPMENT_TEAM = YH5SLCL397;
				INFOPLIST_FILE = WiFinder/Info.plist;
				IPHONEOS_DEPLOYMENT_TARGET = 9.0;
				LD_RUNPATH_SEARCH_PATHS = (
					"$(inherited)",
					"@executable_path/Frameworks",
				);
				PRODUCT_BUNDLE_IDENTIFIER = chinwee.WiFinder;
				PRODUCT_NAME = "$(TARGET_NAME)";
				SWIFT_VERSION = 4.2;
				TARGETED_DEVICE_FAMILY = "1,2";
			};
			name = Release;
		};
/* End XCBuildConfiguration section */

/* Begin XCConfigurationList section */
		2C8F0E2B21CA92EF0006A4BF /* Build configuration list for PBXProject "WiFinder" */ = {
			isa = XCConfigurationList;
			buildConfigurations = (
				2C8F0E4021CA92F00006A4BF /* Debug */,
				2C8F0E4121CA92F00006A4BF /* Release */,
			);
			defaultConfigurationIsVisible = 0;
			defaultConfigurationName = Release;
		};
		2C8F0E4221CA92F00006A4BF /* Build configuration list for PBXNativeTarget "WiFinder" */ = {
			isa = XCConfigurationList;
			buildConfigurations = (
				2C8F0E4321CA92F00006A4BF /* Debug */,
				2C8F0E4421CA92F00006A4BF /* Release */,
			);
			defaultConfigurationIsVisible = 0;
			defaultConfigurationName = Release;
		};
/* End XCConfigurationList section */
	};
	rootObject = 2C8F0E2821CA92EF0006A4BF /* Project object */;
}
